
Microsoft Visual Studio Solution File, Format Version 12.00
# Visual Studio Version 16
VisualStudioVersion = 16.0.31424.327
MinimumVisualStudioVersion = 10.0.40219.1
Project("{FAE04EC0-301F-11D3-BF4B-00C04F79EFBC}") = "bzzt", "bzzt.csproj", "{CA6C1B68-10A5-42C0-9277-4AF3384519A9}"
EndProject
Global
	GlobalSection(SolutionConfigurationPlatforms) = preSolution
		Debug|Any CPU = Debug|Any CPU
		Release|Any CPU = Release|Any CPU
	EndGlobalSection
	GlobalSection(ProjectConfigurationPlatforms) = postSolution
		{CA6C1B68-10A5-42C0-9277-4AF3384519A9}.Debug|Any CPU.ActiveCfg = Debug|Any CPU
		{CA6C1B68-10A5-42C0-9277-4AF3384519A9}.Debug|Any CPU.Build.0 = Debug|Any CPU
		{CA6C1B68-10A5-42C0-9277-4AF3384519A9}.Release|Any CPU.ActiveCfg = Release|Any CPU
		{CA6C1B68-10A5-42C0-9277-4AF3384519A9}.Release|Any CPU.Build.0 = Release|Any CPU
	EndGlobalSection
	GlobalSection(SolutionProperties) = preSolution
		HideSolutionNode = FALSE
	EndGlobalSection
	GlobalSection(ExtensibilityGlobals) = postSolution
		SolutionGuid = {8914415C-A2EA-4F1B-BCDD-B795D89B7CBC}
	EndGlobalSection
EndGlobal
